
Microsoft Visual Studio Solution File, Format Version 12.00
# Visual Studio Version 16
VisualStudioVersion = 16.0.31112.23
MinimumVisualStudioVersion = 10.0.40219.1
Project("{8BC9CEB8-8B4A-11D0-8D11-00A0C91BC942}") = "Sandbox", "Sandbox\Sandbox.vcxproj", "{FB14329F-853C-4679-B0BA-E413D6E74C12}"
EndProject
Project("{8BC9CEB8-8B4A-11D0-8D11-00A0C91BC942}") = "Hazel", "Hazel\Hazel.vcxproj", "{EB9AA17F-CE4F-43C8-A8F6-34CA8FA2B202}"
EndProject
Global
	GlobalSection(SolutionConfigurationPlatforms) = preSolution
		Debug|x64 = Debug|x64
		Release|x64 = Release|x64
	EndGlobalSection
	GlobalSection(ProjectConfigurationPlatforms) = postSolution
		{EB9AA17F-CE4F-43C8-A8F6-34CA8FA2B202}.Debug|x64.ActiveCfg = Debug|x64
		{EB9AA17F-CE4F-43C8-A8F6-34CA8FA2B202}.Debug|x64.Build.0 = Debug|x64
		{EB9AA17F-CE4F-43C8-A8F6-34CA8FA2B202}.Release|x64.ActiveCfg = Release|x64
		{EB9AA17F-CE4F-43C8-A8F6-34CA8FA2B202}.Release|x64.Build.0 = Release|x64
		{FB14329F-853C-4679-B0BA-E413D6E74C12}.Debug|x64.ActiveCfg = Debug|x64
		{FB14329F-853C-4679-B0BA-E413D6E74C12}.Debug|x64.Build.0 = Debug|x64
		{FB14329F-853C-4679-B0BA-E413D6E74C12}.Release|x64.ActiveCfg = Release|x64
		{FB14329F-853C-4679-B0BA-E413D6E74C12}.Release|x64.Build.0 = Release|x64
	EndGlobalSection
	GlobalSection(SolutionProperties) = preSolution
		HideSolutionNode = FALSE
	EndGlobalSection
	GlobalSection(ExtensibilityGlobals) = postSolution
		SolutionGuid = {732D65FF-3E27-4876-BD94-B17A6F2084A5}
	EndGlobalSection
EndGlobal
